
Microsoft Visual Studio Solution File, Format Version 12.00
# Visual Studio Version 16
VisualStudioVersion = 16.0.30611.23
MinimumVisualStudioVersion = 10.0.40219.1
Project("{FAE04EC0-301F-11D3-BF4B-00C04F79EFBC}") = "IPA", "IPA.csproj", "{96832622-AD9C-4B08-A9F6-AE0652BF52CA}"
EndProject
Global
	GlobalSection(SolutionConfigurationPlatforms) = preSolution
		Debug|Any CPU = Debug|Any CPU
		Release|Any CPU = Release|Any CPU
	EndGlobalSection
	GlobalSection(ProjectConfigurationPlatforms) = postSolution
		{96832622-AD9C-4B08-A9F6-AE0652BF52CA}.Debug|Any CPU.ActiveCfg = Debug|Any CPU
		{96832622-AD9C-4B08-A9F6-AE0652BF52CA}.Debug|Any CPU.Build.0 = Debug|Any CPU
		{96832622-AD9C-4B08-A9F6-AE0652BF52CA}.Release|Any CPU.ActiveCfg = Release|Any CPU
		{96832622-AD9C-4B08-A9F6-AE0652BF52CA}.Release|Any CPU.Build.0 = Release|Any CPU
	EndGlobalSection
	GlobalSection(SolutionProperties) = preSolution
		HideSolutionNode = FALSE
	EndGlobalSection
	GlobalSection(ExtensibilityGlobals) = postSolution
		SolutionGuid = {07274F18-9A77-4D66-9D89-31399FECF8DA}
	EndGlobalSection
EndGlobal
